
Microsoft Visual Studio Solution File, Format Version 12.00
# Visual Studio 15
VisualStudioVersion = 15.0.28307.168
MinimumVisualStudioVersion = 10.0.40219.1
Project("{FAE04EC0-301F-11D3-BF4B-00C04F79EFBC}") = "01_SumArray", "01_SumArray\01_SumArray.csproj", "{40F4B3BC-A3A8-4EDF-974F-97CB6A9EDFFB}"
EndProject
Project("{FAE04EC0-301F-11D3-BF4B-00C04F79EFBC}") = "02_Factorial", "02_Factorial\02_Factorial.csproj", "{DD173740-DC6E-4E6E-8639-C0BAB4F27FAA}"
EndProject
Project("{FAE04EC0-301F-11D3-BF4B-00C04F79EFBC}") = "03_PrintFigure", "03_PrintFigure\03_PrintFigure.csproj", "{4D87F688-ECC8-407E-AF0B-7AD331D33A7C}"
EndProject
Project("{FAE04EC0-301F-11D3-BF4B-00C04F79EFBC}") = "04.Fibonacci", "04.Fibonacci\04.Fibonacci.csproj", "{BA0BB7C9-509E-4EAB-89BF-22FFF745CC90}"
EndProject
Global
	GlobalSection(SolutionConfigurationPlatforms) = preSolution
		Debug|Any CPU = Debug|Any CPU
		Release|Any CPU = Release|Any CPU
	EndGlobalSection
	GlobalSection(ProjectConfigurationPlatforms) = postSolution
		{40F4B3BC-A3A8-4EDF-974F-97CB6A9EDFFB}.Debug|Any CPU.ActiveCfg = Debug|Any CPU
		{40F4B3BC-A3A8-4EDF-974F-97CB6A9EDFFB}.Debug|Any CPU.Build.0 = Debug|Any CPU
		{40F4B3BC-A3A8-4EDF-974F-97CB6A9EDFFB}.Release|Any CPU.ActiveCfg = Release|Any CPU
		{40F4B3BC-A3A8-4EDF-974F-97CB6A9EDFFB}.Release|Any CPU.Build.0 = Release|Any CPU
		{DD173740-DC6E-4E6E-8639-C0BAB4F27FAA}.Debug|Any CPU.ActiveCfg = Debug|Any CPU
		{DD173740-DC6E-4E6E-8639-C0BAB4F27FAA}.Debug|Any CPU.Build.0 = Debug|Any CPU
		{DD173740-DC6E-4E6E-8639-C0BAB4F27FAA}.Release|Any CPU.ActiveCfg = Release|Any CPU
		{DD173740-DC6E-4E6E-8639-C0BAB4F27FAA}.Release|Any CPU.Build.0 = Release|Any CPU
		{4D87F688-ECC8-407E-AF0B-7AD331D33A7C}.Debug|Any CPU.ActiveCfg = Debug|Any CPU
		{4D87F688-ECC8-407E-AF0B-7AD331D33A7C}.Debug|Any CPU.Build.0 = Debug|Any CPU
		{4D87F688-ECC8-407E-AF0B-7AD331D33A7C}.Release|Any CPU.ActiveCfg = Release|Any CPU
		{4D87F688-ECC8-407E-AF0B-7AD331D33A7C}.Release|Any CPU.Build.0 = Release|Any CPU
		{BA0BB7C9-509E-4EAB-89BF-22FFF745CC90}.Debug|Any CPU.ActiveCfg = Debug|Any CPU
		{BA0BB7C9-509E-4EAB-89BF-22FFF745CC90}.Debug|Any CPU.Build.0 = Debug|Any CPU
		{BA0BB7C9-509E-4EAB-89BF-22FFF745CC90}.Release|Any CPU.ActiveCfg = Release|Any CPU
		{BA0BB7C9-509E-4EAB-89BF-22FFF745CC90}.Release|Any CPU.Build.0 = Release|Any CPU
	EndGlobalSection
	GlobalSection(SolutionProperties) = preSolution
		HideSolutionNode = FALSE
	EndGlobalSection
	GlobalSection(ExtensibilityGlobals) = postSolution
		SolutionGuid = {299F4CDD-F0AA-4257-AD4B-96406FA3A030}
	EndGlobalSection
EndGlobal
