
Microsoft Visual Studio Solution File, Format Version 12.00
# Visual Studio 15
VisualStudioVersion = 15.0.28307.168
MinimumVisualStudioVersion = 10.0.40219.1
Project("{FAE04EC0-301F-11D3-BF4B-00C04F79EFBC}") = "Methods_Exercises_DateModifier", "DateModifier\Methods_Exercises_DateModifier.csproj", "{9F72BBA7-EBFD-492D-B425-D92DBCDB691C}"
EndProject
Global
	GlobalSection(SolutionConfigurationPlatforms) = preSolution
		Debug|Any CPU = Debug|Any CPU
		Release|Any CPU = Release|Any CPU
	EndGlobalSection
	GlobalSection(ProjectConfigurationPlatforms) = postSolution
		{9F72BBA7-EBFD-492D-B425-D92DBCDB691C}.Debug|Any CPU.ActiveCfg = Debug|Any CPU
		{9F72BBA7-EBFD-492D-B425-D92DBCDB691C}.Debug|Any CPU.Build.0 = Debug|Any CPU
		{9F72BBA7-EBFD-492D-B425-D92DBCDB691C}.Release|Any CPU.ActiveCfg = Release|Any CPU
		{9F72BBA7-EBFD-492D-B425-D92DBCDB691C}.Release|Any CPU.Build.0 = Release|Any CPU
	EndGlobalSection
	GlobalSection(SolutionProperties) = preSolution
		HideSolutionNode = FALSE
	EndGlobalSection
	GlobalSection(ExtensibilityGlobals) = postSolution
		SolutionGuid = {4E727B93-2CE4-4A21-A205-FA7D9817BC94}
	EndGlobalSection
EndGlobal
