
Microsoft Visual Studio Solution File, Format Version 12.00
# Visual Studio 15
VisualStudioVersion = 15.0.28307.168
MinimumVisualStudioVersion = 10.0.40219.1
Project("{FAE04EC0-301F-11D3-BF4B-00C04F79EFBC}") = "PizzaDough", "PizzaDough\PizzaDough.csproj", "{AA704A97-693A-4915-A7B9-AC6B7EC6310B}"
EndProject
Global
	GlobalSection(SolutionConfigurationPlatforms) = preSolution
		Debug|Any CPU = Debug|Any CPU
		Release|Any CPU = Release|Any CPU
	EndGlobalSection
	GlobalSection(ProjectConfigurationPlatforms) = postSolution
		{AA704A97-693A-4915-A7B9-AC6B7EC6310B}.Debug|Any CPU.ActiveCfg = Debug|Any CPU
		{AA704A97-693A-4915-A7B9-AC6B7EC6310B}.Debug|Any CPU.Build.0 = Debug|Any CPU
		{AA704A97-693A-4915-A7B9-AC6B7EC6310B}.Release|Any CPU.ActiveCfg = Release|Any CPU
		{AA704A97-693A-4915-A7B9-AC6B7EC6310B}.Release|Any CPU.Build.0 = Release|Any CPU
	EndGlobalSection
	GlobalSection(SolutionProperties) = preSolution
		HideSolutionNode = FALSE
	EndGlobalSection
	GlobalSection(ExtensibilityGlobals) = postSolution
		SolutionGuid = {EA1C5C9D-BF18-4A25-AF56-37556DA261C6}
	EndGlobalSection
EndGlobal
