
Microsoft Visual Studio Solution File, Format Version 12.00
# Visual Studio 15
VisualStudioVersion = 15.0.28307.168
MinimumVisualStudioVersion = 10.0.40219.1
Project("{FAE04EC0-301F-11D3-BF4B-00C04F79EFBC}") = "02_DefiningClasses_Exercises", "02_DefiningClasses_Exercises\02_DefiningClasses_Exercises.csproj", "{30762227-EF62-473A-939C-AFA0412B61B2}"
EndProject
Global
	GlobalSection(SolutionConfigurationPlatforms) = preSolution
		Debug|Any CPU = Debug|Any CPU
		Release|Any CPU = Release|Any CPU
	EndGlobalSection
	GlobalSection(ProjectConfigurationPlatforms) = postSolution
		{30762227-EF62-473A-939C-AFA0412B61B2}.Debug|Any CPU.ActiveCfg = Debug|Any CPU
		{30762227-EF62-473A-939C-AFA0412B61B2}.Debug|Any CPU.Build.0 = Debug|Any CPU
		{30762227-EF62-473A-939C-AFA0412B61B2}.Release|Any CPU.ActiveCfg = Release|Any CPU
		{30762227-EF62-473A-939C-AFA0412B61B2}.Release|Any CPU.Build.0 = Release|Any CPU
	EndGlobalSection
	GlobalSection(SolutionProperties) = preSolution
		HideSolutionNode = FALSE
	EndGlobalSection
	GlobalSection(ExtensibilityGlobals) = postSolution
		SolutionGuid = {028B611B-B45D-4740-A8DC-1DBC8E5B3F00}
	EndGlobalSection
EndGlobal
