
Microsoft Visual Studio Solution File, Format Version 12.00
# Visual Studio 15
VisualStudioVersion = 15.0.28307.168
MinimumVisualStudioVersion = 10.0.40219.1
Project("{FAE04EC0-301F-11D3-BF4B-00C04F79EFBC}") = "04_02_2_LinkedList", "04_02_2_LinkedList\04_02_2_LinkedList.csproj", "{F7F58969-5315-4C37-BE9B-94D1AA297E5F}"
EndProject
Global
	GlobalSection(SolutionConfigurationPlatforms) = preSolution
		Debug|Any CPU = Debug|Any CPU
		Release|Any CPU = Release|Any CPU
	EndGlobalSection
	GlobalSection(ProjectConfigurationPlatforms) = postSolution
		{F7F58969-5315-4C37-BE9B-94D1AA297E5F}.Debug|Any CPU.ActiveCfg = Debug|Any CPU
		{F7F58969-5315-4C37-BE9B-94D1AA297E5F}.Debug|Any CPU.Build.0 = Debug|Any CPU
		{F7F58969-5315-4C37-BE9B-94D1AA297E5F}.Release|Any CPU.ActiveCfg = Release|Any CPU
		{F7F58969-5315-4C37-BE9B-94D1AA297E5F}.Release|Any CPU.Build.0 = Release|Any CPU
	EndGlobalSection
	GlobalSection(SolutionProperties) = preSolution
		HideSolutionNode = FALSE
	EndGlobalSection
	GlobalSection(ExtensibilityGlobals) = postSolution
		SolutionGuid = {68667702-2284-4984-B2FF-07589D3C80E9}
	EndGlobalSection
EndGlobal
