
Microsoft Visual Studio Solution File, Format Version 12.00
# Visual Studio 15
VisualStudioVersion = 15.0.28307.168
MinimumVisualStudioVersion = 10.0.40219.1
Project("{FAE04EC0-301F-11D3-BF4B-00C04F79EFBC}") = "13_04_19_ItKarieri_DefiningClasses", "13_04_19_ItKarieri_DefiningClasses\13_04_19_ItKarieri_DefiningClasses.csproj", "{A96782E0-B718-4AAA-8DDA-6C30B79285AA}"
EndProject
Global
	GlobalSection(SolutionConfigurationPlatforms) = preSolution
		Debug|Any CPU = Debug|Any CPU
		Release|Any CPU = Release|Any CPU
	EndGlobalSection
	GlobalSection(ProjectConfigurationPlatforms) = postSolution
		{A96782E0-B718-4AAA-8DDA-6C30B79285AA}.Debug|Any CPU.ActiveCfg = Debug|Any CPU
		{A96782E0-B718-4AAA-8DDA-6C30B79285AA}.Debug|Any CPU.Build.0 = Debug|Any CPU
		{A96782E0-B718-4AAA-8DDA-6C30B79285AA}.Release|Any CPU.ActiveCfg = Release|Any CPU
		{A96782E0-B718-4AAA-8DDA-6C30B79285AA}.Release|Any CPU.Build.0 = Release|Any CPU
	EndGlobalSection
	GlobalSection(SolutionProperties) = preSolution
		HideSolutionNode = FALSE
	EndGlobalSection
	GlobalSection(ExtensibilityGlobals) = postSolution
		SolutionGuid = {4BE57C7E-0331-4245-A3B2-1B96FB7CEA90}
	EndGlobalSection
EndGlobal
