
Microsoft Visual Studio Solution File, Format Version 12.00
# Visual Studio 15
VisualStudioVersion = 15.0.28307.168
MinimumVisualStudioVersion = 10.0.40219.1
Project("{FAE04EC0-301F-11D3-BF4B-00C04F79EFBC}") = "21_01_ConverFromBase10ToBaseN", "21_01_ConverFromBase10ToBaseN\21_01_ConverFromBase10ToBaseN.csproj", "{DA6BC9AD-8189-4115-93C2-4B497AF73CA9}"
EndProject
Project("{FAE04EC0-301F-11D3-BF4B-00C04F79EFBC}") = "21_02_ConvertFromBaseNToBase10", "21_02_ConvertFromBaseNToBase10\21_02_ConvertFromBaseNToBase10.csproj", "{8238BFE4-42F1-4B3E-ABD4-F756CB6E03E1}"
EndProject
Project("{FAE04EC0-301F-11D3-BF4B-00C04F79EFBC}") = "21_03_ReverseString", "21_03_ReverseString\21_03_ReverseString.csproj", "{0382D5DD-7978-43D7-B323-639492D6DF74}"
EndProject
Project("{FAE04EC0-301F-11D3-BF4B-00C04F79EFBC}") = "21_04_UnicodeCharacters", "21_04_UnicodeCharacters\21_04_UnicodeCharacters.csproj", "{25EEF34E-978C-4863-8D8B-6CD263C9761D}"
EndProject
Project("{FAE04EC0-301F-11D3-BF4B-00C04F79EFBC}") = "21_05_MultiplyCharCodes", "21_05_MultiplyCharCodes\21_05_MultiplyCharCodes.csproj", "{C5919D78-8032-4371-8113-9F933D8872D8}"
EndProject
Project("{FAE04EC0-301F-11D3-BF4B-00C04F79EFBC}") = "21_05_MultiplyCharCodes_Variant2", "21_05_MultiplyCharCodes_Variant2\21_05_MultiplyCharCodes_Variant2.csproj", "{52DD4C08-607C-403E-80CE-AE58A447F127}"
EndProject
Project("{FAE04EC0-301F-11D3-BF4B-00C04F79EFBC}") = "21_06_Palindrome", "21_06_Palindrome\21_06_Palindrome.csproj", "{25640341-1C41-480B-A727-B87EF911294C}"
EndProject
Project("{FAE04EC0-301F-11D3-BF4B-00C04F79EFBC}") = "22_01_MagicChangeableWords", "22_01_MagicChangeableWords\22_01_MagicChangeableWords.csproj", "{03E0358F-A1D0-46EB-84E3-C843EADE9304}"
EndProject
Project("{FAE04EC0-301F-11D3-BF4B-00C04F79EFBC}") = "22_02_SumBigNumbers", "22_02_SumBigNumbers\22_02_SumBigNumbers.csproj", "{C6A47990-64F1-4DFF-ACB2-2E0571D3C6C9}"
EndProject
Project("{FAE04EC0-301F-11D3-BF4B-00C04F79EFBC}") = "22_03_MultiplyBigNumbers", "22_03_MultiplyBigNumbers\22_03_MultiplyBigNumbers.csproj", "{3C593B87-8EC1-4A70-B197-7D861D93A231}"
EndProject
Project("{FAE04EC0-301F-11D3-BF4B-00C04F79EFBC}") = "22_04_LettersChangeNumbers", "22_04_LettersChangeNumbers\22_04_LettersChangeNumbers.csproj", "{1886C35A-8285-40ED-A5F5-27C8F35BC292}"
EndProject
Project("{FAE04EC0-301F-11D3-BF4B-00C04F79EFBC}") = "23_01_MelrahShake", "23_01_MelrahShake\23_01_MelrahShake.csproj", "{97925294-3FAF-4B83-AB83-26FEF29AF011}"
EndProject
Project("{FAE04EC0-301F-11D3-BF4B-00C04F79EFBC}") = "23_02_OnlyLetters", "23_02_OnlyLetters\23_02_OnlyLetters.csproj", "{7CCD7212-A4DD-4CEE-A06E-593E83B96ECF}"
EndProject
Project("{FAE04EC0-301F-11D3-BF4B-00C04F79EFBC}") = "23_03_HidingPlace", "23_03_HidingPlace\23_03_HidingPlace.csproj", "{B9638660-4321-419D-8660-359C613D9B50}"
EndProject
Project("{FAE04EC0-301F-11D3-BF4B-00C04F79EFBC}") = "23_04_Censor", "23_04_Censor\23_04_Censor.csproj", "{DA06C0B1-8D4C-4AEF-ABA9-5699680C3E63}"
EndProject
Project("{FAE04EC0-301F-11D3-BF4B-00C04F79EFBC}") = "24_01_StringBuilder", "24_01_StringBuilder\24_01_StringBuilder.csproj", "{C48F2872-B0C8-4413-9E6A-482CB79C959A}"
EndProject
Project("{FAE04EC0-301F-11D3-BF4B-00C04F79EFBC}") = "24_02_EmailMe", "24_02_ЕмаилМе\24_02_EmailMe.csproj", "{3EFA97B3-E862-41FA-843C-DF0472874C67}"
EndProject
Project("{FAE04EC0-301F-11D3-BF4B-00C04F79EFBC}") = "24_03_EmailMeUnicode", "24_03_EmailMeUnicode\24_03_EmailMeUnicode.csproj", "{5F8C8528-E43E-4CB1-9AF2-048BAF57D3CF}"
EndProject
Global
	GlobalSection(SolutionConfigurationPlatforms) = preSolution
		Debug|Any CPU = Debug|Any CPU
		Release|Any CPU = Release|Any CPU
	EndGlobalSection
	GlobalSection(ProjectConfigurationPlatforms) = postSolution
		{DA6BC9AD-8189-4115-93C2-4B497AF73CA9}.Debug|Any CPU.ActiveCfg = Debug|Any CPU
		{DA6BC9AD-8189-4115-93C2-4B497AF73CA9}.Debug|Any CPU.Build.0 = Debug|Any CPU
		{DA6BC9AD-8189-4115-93C2-4B497AF73CA9}.Release|Any CPU.ActiveCfg = Release|Any CPU
		{DA6BC9AD-8189-4115-93C2-4B497AF73CA9}.Release|Any CPU.Build.0 = Release|Any CPU
		{8238BFE4-42F1-4B3E-ABD4-F756CB6E03E1}.Debug|Any CPU.ActiveCfg = Debug|Any CPU
		{8238BFE4-42F1-4B3E-ABD4-F756CB6E03E1}.Debug|Any CPU.Build.0 = Debug|Any CPU
		{8238BFE4-42F1-4B3E-ABD4-F756CB6E03E1}.Release|Any CPU.ActiveCfg = Release|Any CPU
		{8238BFE4-42F1-4B3E-ABD4-F756CB6E03E1}.Release|Any CPU.Build.0 = Release|Any CPU
		{0382D5DD-7978-43D7-B323-639492D6DF74}.Debug|Any CPU.ActiveCfg = Debug|Any CPU
		{0382D5DD-7978-43D7-B323-639492D6DF74}.Debug|Any CPU.Build.0 = Debug|Any CPU
		{0382D5DD-7978-43D7-B323-639492D6DF74}.Release|Any CPU.ActiveCfg = Release|Any CPU
		{0382D5DD-7978-43D7-B323-639492D6DF74}.Release|Any CPU.Build.0 = Release|Any CPU
		{25EEF34E-978C-4863-8D8B-6CD263C9761D}.Debug|Any CPU.ActiveCfg = Debug|Any CPU
		{25EEF34E-978C-4863-8D8B-6CD263C9761D}.Debug|Any CPU.Build.0 = Debug|Any CPU
		{25EEF34E-978C-4863-8D8B-6CD263C9761D}.Release|Any CPU.ActiveCfg = Release|Any CPU
		{25EEF34E-978C-4863-8D8B-6CD263C9761D}.Release|Any CPU.Build.0 = Release|Any CPU
		{C5919D78-8032-4371-8113-9F933D8872D8}.Debug|Any CPU.ActiveCfg = Debug|Any CPU
		{C5919D78-8032-4371-8113-9F933D8872D8}.Debug|Any CPU.Build.0 = Debug|Any CPU
		{C5919D78-8032-4371-8113-9F933D8872D8}.Release|Any CPU.ActiveCfg = Release|Any CPU
		{C5919D78-8032-4371-8113-9F933D8872D8}.Release|Any CPU.Build.0 = Release|Any CPU
		{52DD4C08-607C-403E-80CE-AE58A447F127}.Debug|Any CPU.ActiveCfg = Debug|Any CPU
		{52DD4C08-607C-403E-80CE-AE58A447F127}.Debug|Any CPU.Build.0 = Debug|Any CPU
		{52DD4C08-607C-403E-80CE-AE58A447F127}.Release|Any CPU.ActiveCfg = Release|Any CPU
		{52DD4C08-607C-403E-80CE-AE58A447F127}.Release|Any CPU.Build.0 = Release|Any CPU
		{25640341-1C41-480B-A727-B87EF911294C}.Debug|Any CPU.ActiveCfg = Debug|Any CPU
		{25640341-1C41-480B-A727-B87EF911294C}.Debug|Any CPU.Build.0 = Debug|Any CPU
		{25640341-1C41-480B-A727-B87EF911294C}.Release|Any CPU.ActiveCfg = Release|Any CPU
		{25640341-1C41-480B-A727-B87EF911294C}.Release|Any CPU.Build.0 = Release|Any CPU
		{03E0358F-A1D0-46EB-84E3-C843EADE9304}.Debug|Any CPU.ActiveCfg = Debug|Any CPU
		{03E0358F-A1D0-46EB-84E3-C843EADE9304}.Debug|Any CPU.Build.0 = Debug|Any CPU
		{03E0358F-A1D0-46EB-84E3-C843EADE9304}.Release|Any CPU.ActiveCfg = Release|Any CPU
		{03E0358F-A1D0-46EB-84E3-C843EADE9304}.Release|Any CPU.Build.0 = Release|Any CPU
		{C6A47990-64F1-4DFF-ACB2-2E0571D3C6C9}.Debug|Any CPU.ActiveCfg = Debug|Any CPU
		{C6A47990-64F1-4DFF-ACB2-2E0571D3C6C9}.Debug|Any CPU.Build.0 = Debug|Any CPU
		{C6A47990-64F1-4DFF-ACB2-2E0571D3C6C9}.Release|Any CPU.ActiveCfg = Release|Any CPU
		{C6A47990-64F1-4DFF-ACB2-2E0571D3C6C9}.Release|Any CPU.Build.0 = Release|Any CPU
		{3C593B87-8EC1-4A70-B197-7D861D93A231}.Debug|Any CPU.ActiveCfg = Debug|Any CPU
		{3C593B87-8EC1-4A70-B197-7D861D93A231}.Debug|Any CPU.Build.0 = Debug|Any CPU
		{3C593B87-8EC1-4A70-B197-7D861D93A231}.Release|Any CPU.ActiveCfg = Release|Any CPU
		{3C593B87-8EC1-4A70-B197-7D861D93A231}.Release|Any CPU.Build.0 = Release|Any CPU
		{1886C35A-8285-40ED-A5F5-27C8F35BC292}.Debug|Any CPU.ActiveCfg = Debug|Any CPU
		{1886C35A-8285-40ED-A5F5-27C8F35BC292}.Debug|Any CPU.Build.0 = Debug|Any CPU
		{1886C35A-8285-40ED-A5F5-27C8F35BC292}.Release|Any CPU.ActiveCfg = Release|Any CPU
		{1886C35A-8285-40ED-A5F5-27C8F35BC292}.Release|Any CPU.Build.0 = Release|Any CPU
		{97925294-3FAF-4B83-AB83-26FEF29AF011}.Debug|Any CPU.ActiveCfg = Debug|Any CPU
		{97925294-3FAF-4B83-AB83-26FEF29AF011}.Debug|Any CPU.Build.0 = Debug|Any CPU
		{97925294-3FAF-4B83-AB83-26FEF29AF011}.Release|Any CPU.ActiveCfg = Release|Any CPU
		{97925294-3FAF-4B83-AB83-26FEF29AF011}.Release|Any CPU.Build.0 = Release|Any CPU
		{7CCD7212-A4DD-4CEE-A06E-593E83B96ECF}.Debug|Any CPU.ActiveCfg = Debug|Any CPU
		{7CCD7212-A4DD-4CEE-A06E-593E83B96ECF}.Debug|Any CPU.Build.0 = Debug|Any CPU
		{7CCD7212-A4DD-4CEE-A06E-593E83B96ECF}.Release|Any CPU.ActiveCfg = Release|Any CPU
		{7CCD7212-A4DD-4CEE-A06E-593E83B96ECF}.Release|Any CPU.Build.0 = Release|Any CPU
		{B9638660-4321-419D-8660-359C613D9B50}.Debug|Any CPU.ActiveCfg = Debug|Any CPU
		{B9638660-4321-419D-8660-359C613D9B50}.Debug|Any CPU.Build.0 = Debug|Any CPU
		{B9638660-4321-419D-8660-359C613D9B50}.Release|Any CPU.ActiveCfg = Release|Any CPU
		{B9638660-4321-419D-8660-359C613D9B50}.Release|Any CPU.Build.0 = Release|Any CPU
		{DA06C0B1-8D4C-4AEF-ABA9-5699680C3E63}.Debug|Any CPU.ActiveCfg = Debug|Any CPU
		{DA06C0B1-8D4C-4AEF-ABA9-5699680C3E63}.Debug|Any CPU.Build.0 = Debug|Any CPU
		{DA06C0B1-8D4C-4AEF-ABA9-5699680C3E63}.Release|Any CPU.ActiveCfg = Release|Any CPU
		{DA06C0B1-8D4C-4AEF-ABA9-5699680C3E63}.Release|Any CPU.Build.0 = Release|Any CPU
		{C48F2872-B0C8-4413-9E6A-482CB79C959A}.Debug|Any CPU.ActiveCfg = Debug|Any CPU
		{C48F2872-B0C8-4413-9E6A-482CB79C959A}.Debug|Any CPU.Build.0 = Debug|Any CPU
		{C48F2872-B0C8-4413-9E6A-482CB79C959A}.Release|Any CPU.ActiveCfg = Release|Any CPU
		{C48F2872-B0C8-4413-9E6A-482CB79C959A}.Release|Any CPU.Build.0 = Release|Any CPU
		{3EFA97B3-E862-41FA-843C-DF0472874C67}.Debug|Any CPU.ActiveCfg = Debug|Any CPU
		{3EFA97B3-E862-41FA-843C-DF0472874C67}.Debug|Any CPU.Build.0 = Debug|Any CPU
		{3EFA97B3-E862-41FA-843C-DF0472874C67}.Release|Any CPU.ActiveCfg = Release|Any CPU
		{3EFA97B3-E862-41FA-843C-DF0472874C67}.Release|Any CPU.Build.0 = Release|Any CPU
		{5F8C8528-E43E-4CB1-9AF2-048BAF57D3CF}.Debug|Any CPU.ActiveCfg = Debug|Any CPU
		{5F8C8528-E43E-4CB1-9AF2-048BAF57D3CF}.Debug|Any CPU.Build.0 = Debug|Any CPU
		{5F8C8528-E43E-4CB1-9AF2-048BAF57D3CF}.Release|Any CPU.ActiveCfg = Release|Any CPU
		{5F8C8528-E43E-4CB1-9AF2-048BAF57D3CF}.Release|Any CPU.Build.0 = Release|Any CPU
	EndGlobalSection
	GlobalSection(SolutionProperties) = preSolution
		HideSolutionNode = FALSE
	EndGlobalSection
	GlobalSection(ExtensibilityGlobals) = postSolution
		SolutionGuid = {9EB464D1-30E4-46B1-B82A-A1696CBE01BD}
	EndGlobalSection
EndGlobal
