
Microsoft Visual Studio Solution File, Format Version 12.00
# Visual Studio 15
VisualStudioVersion = 15.0.28307.168
MinimumVisualStudioVersion = 10.0.40219.1
Project("{FAE04EC0-301F-11D3-BF4B-00C04F79EFBC}") = "List_AdditionalTask", "List_AdditionalTask\List_AdditionalTask.csproj", "{C3A61197-1242-4C1F-BBC4-B8F864543EAB}"
EndProject
Global
	GlobalSection(SolutionConfigurationPlatforms) = preSolution
		Debug|Any CPU = Debug|Any CPU
		Release|Any CPU = Release|Any CPU
	EndGlobalSection
	GlobalSection(ProjectConfigurationPlatforms) = postSolution
		{C3A61197-1242-4C1F-BBC4-B8F864543EAB}.Debug|Any CPU.ActiveCfg = Debug|Any CPU
		{C3A61197-1242-4C1F-BBC4-B8F864543EAB}.Debug|Any CPU.Build.0 = Debug|Any CPU
		{C3A61197-1242-4C1F-BBC4-B8F864543EAB}.Release|Any CPU.ActiveCfg = Release|Any CPU
		{C3A61197-1242-4C1F-BBC4-B8F864543EAB}.Release|Any CPU.Build.0 = Release|Any CPU
	EndGlobalSection
	GlobalSection(SolutionProperties) = preSolution
		HideSolutionNode = FALSE
	EndGlobalSection
	GlobalSection(ExtensibilityGlobals) = postSolution
		SolutionGuid = {DD83A8A4-9667-475D-8281-809D5752DA60}
	EndGlobalSection
EndGlobal
