
Microsoft Visual Studio Solution File, Format Version 12.00
# Visual Studio 15
VisualStudioVersion = 15.0.28307.168
MinimumVisualStudioVersion = 10.0.40219.1
Project("{FAE04EC0-301F-11D3-BF4B-00C04F79EFBC}") = "04_02_01_StretchingArray", "04_02_01_StretchingArray\04_02_01_StretchingArray.csproj", "{374D1C77-4882-4DA1-A3A7-452AB3D933BB}"
EndProject
Global
	GlobalSection(SolutionConfigurationPlatforms) = preSolution
		Debug|Any CPU = Debug|Any CPU
		Release|Any CPU = Release|Any CPU
	EndGlobalSection
	GlobalSection(ProjectConfigurationPlatforms) = postSolution
		{374D1C77-4882-4DA1-A3A7-452AB3D933BB}.Debug|Any CPU.ActiveCfg = Debug|Any CPU
		{374D1C77-4882-4DA1-A3A7-452AB3D933BB}.Debug|Any CPU.Build.0 = Debug|Any CPU
		{374D1C77-4882-4DA1-A3A7-452AB3D933BB}.Release|Any CPU.ActiveCfg = Release|Any CPU
		{374D1C77-4882-4DA1-A3A7-452AB3D933BB}.Release|Any CPU.Build.0 = Release|Any CPU
	EndGlobalSection
	GlobalSection(SolutionProperties) = preSolution
		HideSolutionNode = FALSE
	EndGlobalSection
	GlobalSection(ExtensibilityGlobals) = postSolution
		SolutionGuid = {223DAE4B-8F05-40BE-A444-DDDEC24FE45E}
	EndGlobalSection
EndGlobal
