
Microsoft Visual Studio Solution File, Format Version 12.00
# Visual Studio 15
VisualStudioVersion = 15.0.28307.168
MinimumVisualStudioVersion = 10.0.40219.1
Project("{FAE04EC0-301F-11D3-BF4B-00C04F79EFBC}") = "01_Tests", "01_Tests\01_Tests.csproj", "{96F414C7-BE0C-4227-9B0E-8DEE8C8B57AD}"
EndProject
Project("{FAE04EC0-301F-11D3-BF4B-00C04F79EFBC}") = "01_FitnessEquipment", "01_FitnessEquipment\01_FitnessEquipment.csproj", "{A004BDD0-E40E-41CA-BF2A-E37ACC11597E}"
EndProject
Project("{FAE04EC0-301F-11D3-BF4B-00C04F79EFBC}") = "02_FitnessVisitors", "02_FitnessVisitors\02_FitnessVisitors.csproj", "{F1A2D491-7BAA-4966-BC37-0A11D42F2FB5}"
EndProject
Project("{FAE04EC0-301F-11D3-BF4B-00C04F79EFBC}") = "03_WordGame", "03_WordGame\03_WordGame.csproj", "{4A341B44-D235-4528-B9D0-9DD7C8981172}"
EndProject
Project("{FAE04EC0-301F-11D3-BF4B-00C04F79EFBC}") = "04_FootballSeason", "04_FootballSeason\04_FootballSeason.csproj", "{5F9928C0-6255-490F-B0F9-DA7437E9B472}"
EndProject
Global
	GlobalSection(SolutionConfigurationPlatforms) = preSolution
		Debug|Any CPU = Debug|Any CPU
		Release|Any CPU = Release|Any CPU
	EndGlobalSection
	GlobalSection(ProjectConfigurationPlatforms) = postSolution
		{96F414C7-BE0C-4227-9B0E-8DEE8C8B57AD}.Debug|Any CPU.ActiveCfg = Debug|Any CPU
		{96F414C7-BE0C-4227-9B0E-8DEE8C8B57AD}.Debug|Any CPU.Build.0 = Debug|Any CPU
		{96F414C7-BE0C-4227-9B0E-8DEE8C8B57AD}.Release|Any CPU.ActiveCfg = Release|Any CPU
		{96F414C7-BE0C-4227-9B0E-8DEE8C8B57AD}.Release|Any CPU.Build.0 = Release|Any CPU
		{A004BDD0-E40E-41CA-BF2A-E37ACC11597E}.Debug|Any CPU.ActiveCfg = Debug|Any CPU
		{A004BDD0-E40E-41CA-BF2A-E37ACC11597E}.Debug|Any CPU.Build.0 = Debug|Any CPU
		{A004BDD0-E40E-41CA-BF2A-E37ACC11597E}.Release|Any CPU.ActiveCfg = Release|Any CPU
		{A004BDD0-E40E-41CA-BF2A-E37ACC11597E}.Release|Any CPU.Build.0 = Release|Any CPU
		{F1A2D491-7BAA-4966-BC37-0A11D42F2FB5}.Debug|Any CPU.ActiveCfg = Debug|Any CPU
		{F1A2D491-7BAA-4966-BC37-0A11D42F2FB5}.Debug|Any CPU.Build.0 = Debug|Any CPU
		{F1A2D491-7BAA-4966-BC37-0A11D42F2FB5}.Release|Any CPU.ActiveCfg = Release|Any CPU
		{F1A2D491-7BAA-4966-BC37-0A11D42F2FB5}.Release|Any CPU.Build.0 = Release|Any CPU
		{4A341B44-D235-4528-B9D0-9DD7C8981172}.Debug|Any CPU.ActiveCfg = Debug|Any CPU
		{4A341B44-D235-4528-B9D0-9DD7C8981172}.Debug|Any CPU.Build.0 = Debug|Any CPU
		{4A341B44-D235-4528-B9D0-9DD7C8981172}.Release|Any CPU.ActiveCfg = Release|Any CPU
		{4A341B44-D235-4528-B9D0-9DD7C8981172}.Release|Any CPU.Build.0 = Release|Any CPU
		{5F9928C0-6255-490F-B0F9-DA7437E9B472}.Debug|Any CPU.ActiveCfg = Debug|Any CPU
		{5F9928C0-6255-490F-B0F9-DA7437E9B472}.Debug|Any CPU.Build.0 = Debug|Any CPU
		{5F9928C0-6255-490F-B0F9-DA7437E9B472}.Release|Any CPU.ActiveCfg = Release|Any CPU
		{5F9928C0-6255-490F-B0F9-DA7437E9B472}.Release|Any CPU.Build.0 = Release|Any CPU
	EndGlobalSection
	GlobalSection(SolutionProperties) = preSolution
		HideSolutionNode = FALSE
	EndGlobalSection
	GlobalSection(ExtensibilityGlobals) = postSolution
		SolutionGuid = {171A523B-1CFC-4636-9169-67754649C8FD}
	EndGlobalSection
EndGlobal
