
Microsoft Visual Studio Solution File, Format Version 12.00
# Visual Studio 15
VisualStudioVersion = 15.0.28307.168
MinimumVisualStudioVersion = 10.0.40219.1
Project("{FAE04EC0-301F-11D3-BF4B-00C04F79EFBC}") = "01_CheckDataInPerson", "01_CheckDataInPerson\01_CheckDataInPerson.csproj", "{5EECEC40-EF2F-4010-B4B2-0EAABF8B35F6}"
EndProject
Global
	GlobalSection(SolutionConfigurationPlatforms) = preSolution
		Debug|Any CPU = Debug|Any CPU
		Release|Any CPU = Release|Any CPU
	EndGlobalSection
	GlobalSection(ProjectConfigurationPlatforms) = postSolution
		{5EECEC40-EF2F-4010-B4B2-0EAABF8B35F6}.Debug|Any CPU.ActiveCfg = Debug|Any CPU
		{5EECEC40-EF2F-4010-B4B2-0EAABF8B35F6}.Debug|Any CPU.Build.0 = Debug|Any CPU
		{5EECEC40-EF2F-4010-B4B2-0EAABF8B35F6}.Release|Any CPU.ActiveCfg = Release|Any CPU
		{5EECEC40-EF2F-4010-B4B2-0EAABF8B35F6}.Release|Any CPU.Build.0 = Release|Any CPU
	EndGlobalSection
	GlobalSection(SolutionProperties) = preSolution
		HideSolutionNode = FALSE
	EndGlobalSection
	GlobalSection(ExtensibilityGlobals) = postSolution
		SolutionGuid = {65BFF370-299F-4918-9600-4BEE47E273BA}
	EndGlobalSection
EndGlobal
